
Microsoft Visual Studio Solution File, Format Version 12.00
# Visual Studio 14
VisualStudioVersion = 14.0.23107.0
MinimumVisualStudioVersion = 10.0.40219.1
Project("{FAE04EC0-301F-11D3-BF4B-00C04F79EFBC}") = "HellBrick.Json", "HellBrick.Json\HellBrick.Json.csproj", "{0B30AD0C-72A1-4598-891F-CD9211B16A23}"
EndProject
Project("{FAE04EC0-301F-11D3-BF4B-00C04F79EFBC}") = "HellBrick.Json.TestConsole", "HellBrick.Json.TestConsole\HellBrick.Json.TestConsole.csproj", "{7AF8D18D-C28A-4FAD-BEB3-4735BECC2294}"
EndProject
Project("{FAE04EC0-301F-11D3-BF4B-00C04F79EFBC}") = "HellBrick.Json.Benchmarks", "HellBrick.Json.Benchmarks\HellBrick.Json.Benchmarks.csproj", "{147D9F4A-771F-4E16-97D0-E991AB3D87D7}"
EndProject
Project("{FAE04EC0-301F-11D3-BF4B-00C04F79EFBC}") = "HellBrick.Json.Test", "HellBrick.Json.Test\HellBrick.Json.Test.csproj", "{FEBE6C27-42DF-41F3-B264-2E1E886F96EC}"
EndProject
Global
	GlobalSection(SolutionConfigurationPlatforms) = preSolution
		Debug|Any CPU = Debug|Any CPU
		Release|Any CPU = Release|Any CPU
	EndGlobalSection
	GlobalSection(ProjectConfigurationPlatforms) = postSolution
		{0B30AD0C-72A1-4598-891F-CD9211B16A23}.Debug|Any CPU.ActiveCfg = Debug|Any CPU
		{0B30AD0C-72A1-4598-891F-CD9211B16A23}.Debug|Any CPU.Build.0 = Debug|Any CPU
		{0B30AD0C-72A1-4598-891F-CD9211B16A23}.Release|Any CPU.ActiveCfg = Release|Any CPU
		{0B30AD0C-72A1-4598-891F-CD9211B16A23}.Release|Any CPU.Build.0 = Release|Any CPU
		{7AF8D18D-C28A-4FAD-BEB3-4735BECC2294}.Debug|Any CPU.ActiveCfg = Debug|Any CPU
		{7AF8D18D-C28A-4FAD-BEB3-4735BECC2294}.Debug|Any CPU.Build.0 = Debug|Any CPU
		{7AF8D18D-C28A-4FAD-BEB3-4735BECC2294}.Release|Any CPU.ActiveCfg = Release|Any CPU
		{7AF8D18D-C28A-4FAD-BEB3-4735BECC2294}.Release|Any CPU.Build.0 = Release|Any CPU
		{147D9F4A-771F-4E16-97D0-E991AB3D87D7}.Debug|Any CPU.ActiveCfg = Debug|Any CPU
		{147D9F4A-771F-4E16-97D0-E991AB3D87D7}.Debug|Any CPU.Build.0 = Debug|Any CPU
		{147D9F4A-771F-4E16-97D0-E991AB3D87D7}.Release|Any CPU.ActiveCfg = Release|Any CPU
		{147D9F4A-771F-4E16-97D0-E991AB3D87D7}.Release|Any CPU.Build.0 = Release|Any CPU
		{FEBE6C27-42DF-41F3-B264-2E1E886F96EC}.Debug|Any CPU.ActiveCfg = Debug|Any CPU
		{FEBE6C27-42DF-41F3-B264-2E1E886F96EC}.Debug|Any CPU.Build.0 = Debug|Any CPU
		{FEBE6C27-42DF-41F3-B264-2E1E886F96EC}.Release|Any CPU.ActiveCfg = Release|Any CPU
		{FEBE6C27-42DF-41F3-B264-2E1E886F96EC}.Release|Any CPU.Build.0 = Release|Any CPU
	EndGlobalSection
	GlobalSection(SolutionProperties) = preSolution
		HideSolutionNode = FALSE
	EndGlobalSection
EndGlobal
